
Microsoft Visual Studio Solution File, Format Version 12.00
# Visual Studio Version 16
VisualStudioVersion = 16.0.33529.622
MinimumVisualStudioVersion = 10.0.40219.1
Project("{8BC9CEB8-8B4A-11D0-8D11-00A0C91BC942}") = "Game", "Game\Game.vcxproj", "{CD747847-3006-407C-A551-5A10BF3D1F40}"
EndProject
Project("{8BC9CEB8-8B4A-11D0-8D11-00A0C91BC942}") = "EngineFrontend", "EngineFrontend\Project1.vcxproj", "{B58F1818-2FBB-4A18-BF69-6048D06D5897}"
EndProject
Project("{8BC9CEB8-8B4A-11D0-8D11-00A0C91BC942}") = "EngineWindowsOpenGLBackend", "EngineWindowsOpenGLBackend\EngineWindowsOpenGLBackend.vcxproj", "{2544B694-9D8B-4A61-A60A-BB096FB5A05D}"
EndProject
Project("{8BC9CEB8-8B4A-11D0-8D11-00A0C91BC942}") = "BlockDesigner", "BlockDesigner\BlockDesigner.vcxproj", "{DCDA7B6E-6D0D-42DA-AA95-4E21ED385DA3}"
EndProject
Project("{8BC9CEB8-8B4A-11D0-8D11-00A0C91BC942}") = "EngineTest", "EngineTest\EngineTest.vcxproj", "{85873F9D-E71A-4B83-B9B7-5A24435BB655}"
EndProject
Project("{8BC9CEB8-8B4A-11D0-8D11-00A0C91BC942}") = "EditorControlPanel", "EditorControlPanel\EditorControlPanel.vcxproj", "{58332EF8-F135-43E6-8B18-E3D81EB2F344}"
EndProject
Project("{8BC9CEB8-8B4A-11D0-8D11-00A0C91BC942}") = "EditorMessages", "EditorMessages\EditorMessages.vcxproj", "{D0302860-DF0B-4F4E-9317-902D4789C860}"
EndProject
Global
	GlobalSection(SolutionConfigurationPlatforms) = preSolution
		Debug|Any CPU = Debug|Any CPU
		Debug|x64 = Debug|x64
		Debug|x86 = Debug|x86
		Release|Any CPU = Release|Any CPU
		Release|x64 = Release|x64
		Release|x86 = Release|x86
	EndGlobalSection
	GlobalSection(ProjectConfigurationPlatforms) = postSolution
		{CD747847-3006-407C-A551-5A10BF3D1F40}.Debug|Any CPU.ActiveCfg = Debug|Win32
		{CD747847-3006-407C-A551-5A10BF3D1F40}.Debug|x64.ActiveCfg = Debug|x64
		{CD747847-3006-407C-A551-5A10BF3D1F40}.Debug|x64.Build.0 = Debug|x64
		{CD747847-3006-407C-A551-5A10BF3D1F40}.Debug|x86.ActiveCfg = Debug|Win32
		{CD747847-3006-407C-A551-5A10BF3D1F40}.Debug|x86.Build.0 = Debug|Win32
		{CD747847-3006-407C-A551-5A10BF3D1F40}.Release|Any CPU.ActiveCfg = Release|Win32
		{CD747847-3006-407C-A551-5A10BF3D1F40}.Release|x64.ActiveCfg = Release|x64
		{CD747847-3006-407C-A551-5A10BF3D1F40}.Release|x64.Build.0 = Release|x64
		{CD747847-3006-407C-A551-5A10BF3D1F40}.Release|x86.ActiveCfg = Release|Win32
		{CD747847-3006-407C-A551-5A10BF3D1F40}.Release|x86.Build.0 = Release|Win32
		{B58F1818-2FBB-4A18-BF69-6048D06D5897}.Debug|Any CPU.ActiveCfg = Debug|Win32
		{B58F1818-2FBB-4A18-BF69-6048D06D5897}.Debug|x64.ActiveCfg = Debug|x64
		{B58F1818-2FBB-4A18-BF69-6048D06D5897}.Debug|x64.Build.0 = Debug|x64
		{B58F1818-2FBB-4A18-BF69-6048D06D5897}.Debug|x86.ActiveCfg = Debug|Win32
		{B58F1818-2FBB-4A18-BF69-6048D06D5897}.Debug|x86.Build.0 = Debug|Win32
		{B58F1818-2FBB-4A18-BF69-6048D06D5897}.Release|Any CPU.ActiveCfg = Release|Win32
		{B58F1818-2FBB-4A18-BF69-6048D06D5897}.Release|x64.ActiveCfg = Release|x64
		{B58F1818-2FBB-4A18-BF69-6048D06D5897}.Release|x64.Build.0 = Release|x64
		{B58F1818-2FBB-4A18-BF69-6048D06D5897}.Release|x86.ActiveCfg = Release|Win32
		{B58F1818-2FBB-4A18-BF69-6048D06D5897}.Release|x86.Build.0 = Release|Win32
		{2544B694-9D8B-4A61-A60A-BB096FB5A05D}.Debug|Any CPU.ActiveCfg = Debug|Win32
		{2544B694-9D8B-4A61-A60A-BB096FB5A05D}.Debug|x64.ActiveCfg = Debug|x64
		{2544B694-9D8B-4A61-A60A-BB096FB5A05D}.Debug|x64.Build.0 = Debug|x64
		{2544B694-9D8B-4A61-A60A-BB096FB5A05D}.Debug|x86.ActiveCfg = Debug|Win32
		{2544B694-9D8B-4A61-A60A-BB096FB5A05D}.Debug|x86.Build.0 = Debug|Win32
		{2544B694-9D8B-4A61-A60A-BB096FB5A05D}.Release|Any CPU.ActiveCfg = Release|Win32
		{2544B694-9D8B-4A61-A60A-BB096FB5A05D}.Release|x64.ActiveCfg = Release|x64
		{2544B694-9D8B-4A61-A60A-BB096FB5A05D}.Release|x64.Build.0 = Release|x64
		{2544B694-9D8B-4A61-A60A-BB096FB5A05D}.Release|x86.ActiveCfg = Release|Win32
		{2544B694-9D8B-4A61-A60A-BB096FB5A05D}.Release|x86.Build.0 = Release|Win32
		{DCDA7B6E-6D0D-42DA-AA95-4E21ED385DA3}.Debug|Any CPU.ActiveCfg = Debug|Win32
		{DCDA7B6E-6D0D-42DA-AA95-4E21ED385DA3}.Debug|x64.ActiveCfg = Debug|x64
		{DCDA7B6E-6D0D-42DA-AA95-4E21ED385DA3}.Debug|x64.Build.0 = Debug|x64
		{DCDA7B6E-6D0D-42DA-AA95-4E21ED385DA3}.Debug|x86.ActiveCfg = Debug|Win32
		{DCDA7B6E-6D0D-42DA-AA95-4E21ED385DA3}.Debug|x86.Build.0 = Debug|Win32
		{DCDA7B6E-6D0D-42DA-AA95-4E21ED385DA3}.Release|Any CPU.ActiveCfg = Release|Win32
		{DCDA7B6E-6D0D-42DA-AA95-4E21ED385DA3}.Release|x64.ActiveCfg = Release|x64
		{DCDA7B6E-6D0D-42DA-AA95-4E21ED385DA3}.Release|x64.Build.0 = Release|x64
		{DCDA7B6E-6D0D-42DA-AA95-4E21ED385DA3}.Release|x86.ActiveCfg = Release|Win32
		{DCDA7B6E-6D0D-42DA-AA95-4E21ED385DA3}.Release|x86.Build.0 = Release|Win32
		{85873F9D-E71A-4B83-B9B7-5A24435BB655}.Debug|Any CPU.ActiveCfg = Debug|Win32
		{85873F9D-E71A-4B83-B9B7-5A24435BB655}.Debug|x64.ActiveCfg = Debug|x64
		{85873F9D-E71A-4B83-B9B7-5A24435BB655}.Debug|x64.Build.0 = Debug|x64
		{85873F9D-E71A-4B83-B9B7-5A24435BB655}.Debug|x86.ActiveCfg = Debug|Win32
		{85873F9D-E71A-4B83-B9B7-5A24435BB655}.Debug|x86.Build.0 = Debug|Win32
		{85873F9D-E71A-4B83-B9B7-5A24435BB655}.Release|Any CPU.ActiveCfg = Release|Win32
		{85873F9D-E71A-4B83-B9B7-5A24435BB655}.Release|x64.ActiveCfg = Release|x64
		{85873F9D-E71A-4B83-B9B7-5A24435BB655}.Release|x64.Build.0 = Release|x64
		{85873F9D-E71A-4B83-B9B7-5A24435BB655}.Release|x86.ActiveCfg = Release|Win32
		{85873F9D-E71A-4B83-B9B7-5A24435BB655}.Release|x86.Build.0 = Release|Win32
		{58332EF8-F135-43E6-8B18-E3D81EB2F344}.Debug|Any CPU.ActiveCfg = Debug|Win32
		{58332EF8-F135-43E6-8B18-E3D81EB2F344}.Debug|x64.ActiveCfg = Debug|x64
		{58332EF8-F135-43E6-8B18-E3D81EB2F344}.Debug|x64.Build.0 = Debug|x64
		{58332EF8-F135-43E6-8B18-E3D81EB2F344}.Debug|x86.ActiveCfg = Debug|Win32
		{58332EF8-F135-43E6-8B18-E3D81EB2F344}.Debug|x86.Build.0 = Debug|Win32
		{58332EF8-F135-43E6-8B18-E3D81EB2F344}.Release|Any CPU.ActiveCfg = Release|Win32
		{58332EF8-F135-43E6-8B18-E3D81EB2F344}.Release|x64.ActiveCfg = Release|x64
		{58332EF8-F135-43E6-8B18-E3D81EB2F344}.Release|x64.Build.0 = Release|x64
		{58332EF8-F135-43E6-8B18-E3D81EB2F344}.Release|x86.ActiveCfg = Release|Win32
		{58332EF8-F135-43E6-8B18-E3D81EB2F344}.Release|x86.Build.0 = Release|Win32
		{D0302860-DF0B-4F4E-9317-902D4789C860}.Debug|Any CPU.ActiveCfg = Debug|Win32
		{D0302860-DF0B-4F4E-9317-902D4789C860}.Debug|x64.ActiveCfg = Debug|x64
		{D0302860-DF0B-4F4E-9317-902D4789C860}.Debug|x64.Build.0 = Debug|x64
		{D0302860-DF0B-4F4E-9317-902D4789C860}.Debug|x86.ActiveCfg = Debug|Win32
		{D0302860-DF0B-4F4E-9317-902D4789C860}.Debug|x86.Build.0 = Debug|Win32
		{D0302860-DF0B-4F4E-9317-902D4789C860}.Release|Any CPU.ActiveCfg = Release|Win32
		{D0302860-DF0B-4F4E-9317-902D4789C860}.Release|x64.ActiveCfg = Release|x64
		{D0302860-DF0B-4F4E-9317-902D4789C860}.Release|x64.Build.0 = Release|x64
		{D0302860-DF0B-4F4E-9317-902D4789C860}.Release|x86.ActiveCfg = Release|Win32
		{D0302860-DF0B-4F4E-9317-902D4789C860}.Release|x86.Build.0 = Release|Win32
	EndGlobalSection
	GlobalSection(SolutionProperties) = preSolution
		HideSolutionNode = FALSE
	EndGlobalSection
	GlobalSection(ExtensibilityGlobals) = postSolution
		SolutionGuid = {5DB2ACC9-9E86-4D63-845F-9CBC51F7A39C}
	EndGlobalSection
EndGlobal
