<?xml version="1.0" encoding="utf-8"?>
<Project ToolsVersion="4.0" xmlns="http://schemas.microsoft.com/developer/msbuild/2003">
  <ItemGroup>
    <Filter Include="Source Files">
      <UniqueIdentifier>{4FC737F1-C7A5-4376-A066-2A32D752A2FF}</UniqueIdentifier>
      <Extensions>cpp;c;cc;cxx;c++;cppm;ixx;def;odl;idl;hpj;bat;asm;asmx</Extensions>
    </Filter>
    <Filter Include="Header Files">
      <UniqueIdentifier>{93995380-89BD-4b04-88EB-625FBE52EBFB}</UniqueIdentifier>
      <Extensions>h;hh;hpp;hxx;h++;hm;inl;inc;ipp;xsd</Extensions>
    </Filter>
    <Filter Include="Resource Files">
      <UniqueIdentifier>{67DA6AB6-F800-4c08-8B7A-83BB121AAD01}</UniqueIdentifier>
      <Extensions>rc;ico;cur;bmp;dlg;rc2;rct;bin;rgs;gif;jpg;jpeg;jpe;resx;tiff;tif;png;wav;mfcribbon-ms</Extensions>
    </Filter>
  </ItemGroup>
  <ItemGroup>
    <ClInclude Include="BlockDesigner.h">
      <Filter>Header Files</Filter>
    </ClInclude>
    <ClInclude Include="BlockDesignerDlg.h">
      <Filter>Header Files</Filter>
    </ClInclude>
    <ClInclude Include="targetver.h">
      <Filter>Header Files</Filter>
    </ClInclude>
    <ClInclude Include="Resource.h">
      <Filter>Header Files</Filter>
    </ClInclude>
    <ClInclude Include="pch.h">
      <Filter>Header Files</Filter>
    </ClInclude>
    <ClInclude Include="PrismBaseDrawerStatic.h">
      <Filter>Header Files</Filter>
    </ClInclude>
    <ClInclude Include="framework.h">
      <Filter>Resource Files</Filter>
    </ClInclude>
    <ClInclude Include="BasicTypedefs.h">
      <Filter>Header Files</Filter>
    </ClInclude>
    <ClInclude Include="Camera2D.h">
      <Filter>Header Files</Filter>
    </ClInclude>
    <ClInclude Include="IDragAcceptor.h">
      <Filter>Header Files</Filter>
    </ClInclude>
    <ClInclude Include="MouseEventDispatcher.h">
      <Filter>Header Files</Filter>
    </ClInclude>
    <ClInclude Include="IMouseMoveAcceptor.h">
      <Filter>Header Files</Filter>
    </ClInclude>
    <ClInclude Include="DebugHelpers.h">
      <Filter>Header Files</Filter>
    </ClInclude>
    <ClInclude Include="MouseButton.h">
      <Filter>Header Files</Filter>
    </ClInclude>
    <ClInclude Include="Poly2D.h">
      <Filter>Header Files</Filter>
    </ClInclude>
    <ClInclude Include="MiscFunctions.h">
      <Filter>Header Files</Filter>
    </ClInclude>
    <ClInclude Include="IMouseDownAcceptor.h">
      <Filter>Header Files</Filter>
    </ClInclude>
    <ClInclude Include="IGetWindowRect.h">
      <Filter>Header Files</Filter>
    </ClInclude>
    <ClInclude Include="polypartition.h">
      <Filter>Header Files</Filter>
    </ClInclude>
    <ClInclude Include="PrismMesh.h">
      <Filter>Header Files</Filter>
    </ClInclude>
    <ClInclude Include="SerializeObj.h">
      <Filter>Header Files</Filter>
    </ClInclude>
    <ClInclude Include="PrismView3DStatic.h">
      <Filter>Header Files</Filter>
    </ClInclude>
    <ClInclude Include="Camera.h">
      <Filter>Header Files</Filter>
    </ClInclude>
    <ClInclude Include="Shader.h">
      <Filter>Header Files</Filter>
    </ClInclude>
    <ClInclude Include="ExtrudeParameters.h">
      <Filter>Header Files</Filter>
    </ClInclude>
    <ClInclude Include="xatlas.h">
      <Filter>Header Files</Filter>
    </ClInclude>
    <ClInclude Include="xatlas_c.h">
      <Filter>Header Files</Filter>
    </ClInclude>
    <ClInclude Include="Rasterize.h">
      <Filter>Header Files</Filter>
    </ClInclude>
    <ClInclude Include="stb_image_write.h">
      <Filter>Header Files</Filter>
    </ClInclude>
    <ClInclude Include="ExportDlg.h">
      <Filter>Header Files</Filter>
    </ClInclude>
    <ClInclude Include="OBJExporter.h">
      <Filter>Header Files</Filter>
    </ClInclude>
    <ClInclude Include="Exporters.h">
      <Filter>Header Files</Filter>
    </ClInclude>
    <ClInclude Include="OpenGLStatic.h">
      <Filter>Header Files</Filter>
    </ClInclude>
  </ItemGroup>
  <ItemGroup>
    <ClCompile Include="BlockDesigner.cpp">
      <Filter>Source Files</Filter>
    </ClCompile>
    <ClCompile Include="BlockDesignerDlg.cpp">
      <Filter>Source Files</Filter>
    </ClCompile>
    <ClCompile Include="pch.cpp">
      <Filter>Source Files</Filter>
    </ClCompile>
    <ClCompile Include="PrismBaseDrawerStatic.cpp">
      <Filter>Source Files</Filter>
    </ClCompile>
    <ClCompile Include="Camera2D.cpp">
      <Filter>Source Files</Filter>
    </ClCompile>
    <ClCompile Include="MouseEventDispatcher.cpp">
      <Filter>Source Files</Filter>
    </ClCompile>
    <ClCompile Include="DebugHelpers.cpp">
      <Filter>Source Files</Filter>
    </ClCompile>
    <ClCompile Include="Poly2D.cpp">
      <Filter>Source Files</Filter>
    </ClCompile>
    <ClCompile Include="MiscFunctions.cpp">
      <Filter>Source Files</Filter>
    </ClCompile>
    <ClCompile Include="polypartition.cpp">
      <Filter>Source Files</Filter>
    </ClCompile>
    <ClCompile Include="PrismMesh.cpp">
      <Filter>Source Files</Filter>
    </ClCompile>
    <ClCompile Include="SerializeObj.cpp">
      <Filter>Source Files</Filter>
    </ClCompile>
    <ClCompile Include="PrismView3DStatic.cpp">
      <Filter>Source Files</Filter>
    </ClCompile>
    <ClCompile Include="xatlas.cpp">
      <Filter>Source Files</Filter>
    </ClCompile>
    <ClCompile Include="Rasterize.cpp">
      <Filter>Source Files</Filter>
    </ClCompile>
    <ClCompile Include="ExportDlg.cpp">
      <Filter>Source Files</Filter>
    </ClCompile>
    <ClCompile Include="OBJExporter.cpp">
      <Filter>Source Files</Filter>
    </ClCompile>
    <ClCompile Include="Exporters.cpp">
      <Filter>Source Files</Filter>
    </ClCompile>
    <ClCompile Include="OpenGLStatic.cpp">
      <Filter>Source Files</Filter>
    </ClCompile>
  </ItemGroup>
  <ItemGroup>
    <ResourceCompile Include="BlockDesigner.rc">
      <Filter>Resource Files</Filter>
    </ResourceCompile>
  </ItemGroup>
  <ItemGroup>
    <None Include="res\BlockDesigner.rc2">
      <Filter>Resource Files</Filter>
    </None>
  </ItemGroup>
  <ItemGroup>
    <Image Include="res\BlockDesigner.ico">
      <Filter>Resource Files</Filter>
    </Image>
  </ItemGroup>
</Project>