<?xml version="1.0" encoding="utf-8"?>
<Project ToolsVersion="4.0" xmlns="http://schemas.microsoft.com/developer/msbuild/2003">
  <ItemGroup>
    <Filter Include="Source Files">
      <UniqueIdentifier>{4FC737F1-C7A5-4376-A066-2A32D752A2FF}</UniqueIdentifier>
      <Extensions>cpp;c;cc;cxx;c++;cppm;ixx;def;odl;idl;hpj;bat;asm;asmx</Extensions>
    </Filter>
    <Filter Include="Header Files">
      <UniqueIdentifier>{93995380-89BD-4b04-88EB-625FBE52EBFB}</UniqueIdentifier>
      <Extensions>h;hh;hpp;hxx;h++;hm;inl;inc;ipp;xsd</Extensions>
    </Filter>
    <Filter Include="Resource Files">
      <UniqueIdentifier>{67DA6AB6-F800-4c08-8B7A-83BB121AAD01}</UniqueIdentifier>
      <Extensions>rc;ico;cur;bmp;dlg;rc2;rct;bin;rgs;gif;jpg;jpeg;jpe;resx;tiff;tif;png;wav;mfcribbon-ms</Extensions>
    </Filter>
    <Filter Include="Header Files\RendererFrontend">
      <UniqueIdentifier>{8540cc29-7da9-425d-94e9-e11042d78657}</UniqueIdentifier>
    </Filter>
    <Filter Include="Source Files\RendererFrontend">
      <UniqueIdentifier>{cd222006-82db-4adf-942d-9f9a2b80128d}</UniqueIdentifier>
    </Filter>
    <Filter Include="Header Files\Library">
      <UniqueIdentifier>{a16c87c2-b09c-4d6e-a266-c88b2cd7ecf1}</UniqueIdentifier>
    </Filter>
    <Filter Include="Source Files\Library">
      <UniqueIdentifier>{7a9d7110-644f-4254-b458-519e8ea874c7}</UniqueIdentifier>
    </Filter>
    <Filter Include="Header Files\Camera">
      <UniqueIdentifier>{d0c97c5a-a15c-49fd-bd68-83af0b0f7301}</UniqueIdentifier>
    </Filter>
    <Filter Include="Source Files\Camera">
      <UniqueIdentifier>{18fc165e-f2c5-48b3-99ca-e5ca0bb0f2c1}</UniqueIdentifier>
    </Filter>
    <Filter Include="Header Files\Geom">
      <UniqueIdentifier>{f37a872f-3a13-4a43-b8f4-7ac7a58c92b4}</UniqueIdentifier>
    </Filter>
    <Filter Include="Header Files\Components">
      <UniqueIdentifier>{71b72965-4230-42cf-be89-eead1e6e5b72}</UniqueIdentifier>
    </Filter>
    <Filter Include="Source Files\Components">
      <UniqueIdentifier>{bfecb0de-bb18-42c6-aa23-3280d6d41392}</UniqueIdentifier>
    </Filter>
    <Filter Include="Source Files\Scene">
      <UniqueIdentifier>{a5bd93a4-d82d-4c9e-ad40-b57d6f50c462}</UniqueIdentifier>
    </Filter>
    <Filter Include="Header Files\Scene">
      <UniqueIdentifier>{51a30ef8-871f-446b-ad5d-22077ce60f0b}</UniqueIdentifier>
    </Filter>
    <Filter Include="Source Files\Geom">
      <UniqueIdentifier>{a4b53f75-9c17-46a5-9211-050dcd67f4ed}</UniqueIdentifier>
    </Filter>
    <Filter Include="Header Files\Library\Third Party">
      <UniqueIdentifier>{427306a4-56de-46bd-99e0-6129b498aa79}</UniqueIdentifier>
    </Filter>
    <Filter Include="Header Files\Library\Third Party\pugixml">
      <UniqueIdentifier>{89001fb3-6e15-4adf-97c2-3558184080f6}</UniqueIdentifier>
    </Filter>
    <Filter Include="Source Files\Library\Third Party">
      <UniqueIdentifier>{14fd4a66-883f-4e49-898c-2ef355eed272}</UniqueIdentifier>
    </Filter>
    <Filter Include="Source Files\Library\Third Party\PugiXml">
      <UniqueIdentifier>{5a65dafd-5b24-4ce1-847c-4b78cdf79ad9}</UniqueIdentifier>
    </Filter>
    <Filter Include="Header Files\Library\Archive">
      <UniqueIdentifier>{f38a2ffe-682c-4710-b6f1-c54a1a92830e}</UniqueIdentifier>
    </Filter>
    <Filter Include="Header Files\Systems">
      <UniqueIdentifier>{f2309ff1-63cc-47d4-997b-8b3818580054}</UniqueIdentifier>
    </Filter>
    <Filter Include="Source Files\Systems">
      <UniqueIdentifier>{6a36be42-624a-4c33-8a98-97ef2e596e03}</UniqueIdentifier>
    </Filter>
    <Filter Include="Header Files\Input">
      <UniqueIdentifier>{9fd6462b-b2ac-4b2f-8b07-9b245422bb92}</UniqueIdentifier>
    </Filter>
    <Filter Include="Source Files\Input">
      <UniqueIdentifier>{5cf5de75-ec40-4e01-8558-9108482b58f2}</UniqueIdentifier>
    </Filter>
  </ItemGroup>
  <ItemGroup>
    <ClInclude Include="EngineDLLInterface.h">
      <Filter>Header Files</Filter>
    </ClInclude>
    <ClInclude Include="IBackendApp.h">
      <Filter>Header Files</Filter>
    </ClInclude>
    <ClInclude Include="Pipeline.h">
      <Filter>Header Files\RendererFrontend</Filter>
    </ClInclude>
    <ClInclude Include="PipelineMeshData.h">
      <Filter>Header Files\RendererFrontend</Filter>
    </ClInclude>
    <ClInclude Include="PipelineTypes.h">
      <Filter>Header Files\RendererFrontend</Filter>
    </ClInclude>
    <ClInclude Include="OBJ\ObjFile.h">
      <Filter>Header Files</Filter>
    </ClInclude>
    <ClInclude Include="ObjectPool.h">
      <Filter>Header Files\Library</Filter>
    </ClInclude>
    <ClInclude Include="EngineLib.h">
      <Filter>Header Files\Library</Filter>
    </ClInclude>
    <ClInclude Include="ExportMacro.h">
      <Filter>Header Files\Library</Filter>
    </ClInclude>
    <ClInclude Include="Autolist.h">
      <Filter>Header Files\Library</Filter>
    </ClInclude>
    <ClInclude Include="TestPipeline.h">
      <Filter>Header Files\RendererFrontend</Filter>
    </ClInclude>
    <ClInclude Include="Texture.h">
      <Filter>Header Files\RendererFrontend</Filter>
    </ClInclude>
    <ClInclude Include="stb_image.h">
      <Filter>Header Files</Filter>
    </ClInclude>
    <ClInclude Include="Camera.h">
      <Filter>Header Files\Camera</Filter>
    </ClInclude>
    <ClInclude Include="Frustum.h">
      <Filter>Header Files\Camera</Filter>
    </ClInclude>
    <ClInclude Include="Sphere.h">
      <Filter>Header Files\Geom</Filter>
    </ClInclude>
    <ClInclude Include="Plane.h">
      <Filter>Header Files\Geom</Filter>
    </ClInclude>
    <ClInclude Include="TransformComponent.h">
      <Filter>Header Files\Components</Filter>
    </ClInclude>
    <ClInclude Include="MeshComponent.h">
      <Filter>Header Files\Components</Filter>
    </ClInclude>
    <ClInclude Include="AABB.h">
      <Filter>Header Files\Geom</Filter>
    </ClInclude>
    <ClInclude Include="Scene.h">
      <Filter>Header Files\Scene</Filter>
    </ClInclude>
    <ClInclude Include="FrontendError.h">
      <Filter>Header Files</Filter>
    </ClInclude>
    <ClInclude Include="pugixml.hpp">
      <Filter>Header Files\Library\Third Party\pugixml</Filter>
    </ClInclude>
    <ClInclude Include="pugiconfig.hpp">
      <Filter>Header Files\Library\Third Party\pugixml</Filter>
    </ClInclude>
    <ClInclude Include="IArchive.h">
      <Filter>Header Files\Library\Archive</Filter>
    </ClInclude>
    <ClInclude Include="XMLArchive.h">
      <Filter>Header Files\Library\Archive</Filter>
    </ClInclude>
    <ClInclude Include="CameraComponent.h">
      <Filter>Header Files\Components</Filter>
    </ClInclude>
    <ClInclude Include="Lighting.h">
      <Filter>Header Files\RendererFrontend</Filter>
    </ClInclude>
    <ClInclude Include="EntityRegWrapper.h">
      <Filter>Header Files\Scene</Filter>
    </ClInclude>
    <ClInclude Include="TextureReg.h">
      <Filter>Header Files\Scene</Filter>
    </ClInclude>
    <ClInclude Include="MeshReg.h">
      <Filter>Header Files\Scene</Filter>
    </ClInclude>
    <ClInclude Include="SystemsReg.h">
      <Filter>Header Files\Scene</Filter>
    </ClInclude>
    <ClInclude Include="ComponentReg.h">
      <Filter>Header Files\Scene</Filter>
    </ClInclude>
    <ClInclude Include="DrawMeshComponentsFunction.h">
      <Filter>Header Files\Systems</Filter>
    </ClInclude>
    <ClInclude Include="EditorSystems.h">
      <Filter>Header Files\Systems</Filter>
    </ClInclude>
    <ClInclude Include="DebugLoadBasicScene.h">
      <Filter>Header Files\Scene</Filter>
    </ClInclude>
    <ClInclude Include="EditorCamControlsComponent.h">
      <Filter>Header Files\Components</Filter>
    </ClInclude>
    <ClInclude Include="PointLightComponent.h">
      <Filter>Header Files\Components</Filter>
    </ClInclude>
    <ClInclude Include="InputFrontend.h">
      <Filter>Header Files\Input</Filter>
    </ClInclude>
    <ClInclude Include="TransformMatrixCompute.h">
      <Filter>Header Files\Systems</Filter>
    </ClInclude>
    <ClInclude Include="EditorServer.h">
      <Filter>Header Files</Filter>
    </ClInclude>
    <ClInclude Include="TestPipelineMaterialComponent.h">
      <Filter>Header Files\Components</Filter>
    </ClInclude>
  </ItemGroup>
  <ItemGroup>
    <ClCompile Include="IBackendApp.cpp">
      <Filter>Source Files</Filter>
    </ClCompile>
    <ClCompile Include="EngineDLLInterface.cpp">
      <Filter>Source Files</Filter>
    </ClCompile>
    <ClCompile Include="PipelineMeshData.cpp">
      <Filter>Source Files\RendererFrontend</Filter>
    </ClCompile>
    <ClCompile Include="PipelineTypes.cpp">
      <Filter>Source Files\RendererFrontend</Filter>
    </ClCompile>
    <ClCompile Include="OBJ\ObjFile.cpp">
      <Filter>Source Files</Filter>
    </ClCompile>
    <ClCompile Include="Pipeline.cpp">
      <Filter>Source Files\RendererFrontend</Filter>
    </ClCompile>
    <ClCompile Include="TestPipeline.cpp">
      <Filter>Source Files\RendererFrontend</Filter>
    </ClCompile>
    <ClCompile Include="Texture.cpp">
      <Filter>Source Files\RendererFrontend</Filter>
    </ClCompile>
    <ClCompile Include="Camera.cpp">
      <Filter>Source Files\Camera</Filter>
    </ClCompile>
    <ClCompile Include="Frustum.cpp">
      <Filter>Source Files\Camera</Filter>
    </ClCompile>
    <ClCompile Include="TransformComponent.cpp">
      <Filter>Source Files\Components</Filter>
    </ClCompile>
    <ClCompile Include="MeshComponent.cpp">
      <Filter>Source Files\Components</Filter>
    </ClCompile>
    <ClCompile Include="Scene.cpp">
      <Filter>Source Files\Scene</Filter>
    </ClCompile>
    <ClCompile Include="FrontendError.cpp">
      <Filter>Source Files</Filter>
    </ClCompile>
    <ClCompile Include="Sphere.cpp">
      <Filter>Source Files\Geom</Filter>
    </ClCompile>
    <ClCompile Include="pugixml.cpp">
      <Filter>Source Files\Library\Third Party\PugiXml</Filter>
    </ClCompile>
    <ClCompile Include="XMLArchive.cpp">
      <Filter>Source Files</Filter>
    </ClCompile>
    <ClCompile Include="ComponentReg.cpp">
      <Filter>Source Files\Components</Filter>
    </ClCompile>
    <ClCompile Include="Lighting.cpp">
      <Filter>Source Files\RendererFrontend</Filter>
    </ClCompile>
    <ClCompile Include="EntityRegWrapper.cpp">
      <Filter>Source Files\Scene</Filter>
    </ClCompile>
    <ClCompile Include="TextureReg.cpp">
      <Filter>Source Files\Scene</Filter>
    </ClCompile>
    <ClCompile Include="MeshReg.cpp">
      <Filter>Source Files\Scene</Filter>
    </ClCompile>
    <ClCompile Include="SystemsReg.cpp">
      <Filter>Source Files\Scene</Filter>
    </ClCompile>
    <ClCompile Include="DrawMeshComponentsFunction.cpp">
      <Filter>Source Files\Systems</Filter>
    </ClCompile>
    <ClCompile Include="DebugLoadBasicScene.cpp">
      <Filter>Source Files\Scene</Filter>
    </ClCompile>
    <ClCompile Include="InputFrontend.cpp">
      <Filter>Source Files\Input</Filter>
    </ClCompile>
    <ClCompile Include="PointLightComponent.cpp">
      <Filter>Source Files\Components</Filter>
    </ClCompile>
    <ClCompile Include="EditorSystems.cpp">
      <Filter>Source Files\Systems</Filter>
    </ClCompile>
    <ClCompile Include="TransformMatrixCompute.cpp">
      <Filter>Source Files\Systems</Filter>
    </ClCompile>
    <ClCompile Include="EditorServer.cpp">
      <Filter>Source Files</Filter>
    </ClCompile>
    <ClCompile Include="CameraComponent.cpp">
      <Filter>Source Files\Components</Filter>
    </ClCompile>
    <ClCompile Include="EditorCamControlsComponent.cpp">
      <Filter>Source Files\Components</Filter>
    </ClCompile>
    <ClCompile Include="TestPipelineMaterialComponent.cpp">
      <Filter>Source Files\Components</Filter>
    </ClCompile>
  </ItemGroup>
</Project>