<?xml version="1.0" encoding="utf-8"?>
<Project ToolsVersion="4.0" xmlns="http://schemas.microsoft.com/developer/msbuild/2003">
  <ItemGroup>
    <Filter Include="Source Files">
      <UniqueIdentifier>{4FC737F1-C7A5-4376-A066-2A32D752A2FF}</UniqueIdentifier>
      <Extensions>cpp;c;cc;cxx;c++;cppm;ixx;def;odl;idl;hpj;bat;asm;asmx</Extensions>
    </Filter>
    <Filter Include="Header Files">
      <UniqueIdentifier>{93995380-89BD-4b04-88EB-625FBE52EBFB}</UniqueIdentifier>
      <Extensions>h;hh;hpp;hxx;h++;hm;inl;inc;ipp;xsd</Extensions>
    </Filter>
    <Filter Include="Resource Files">
      <UniqueIdentifier>{67DA6AB6-F800-4c08-8B7A-83BB121AAD01}</UniqueIdentifier>
      <Extensions>rc;ico;cur;bmp;dlg;rc2;rct;bin;rgs;gif;jpg;jpeg;jpe;resx;tiff;tif;png;wav;mfcribbon-ms</Extensions>
    </Filter>
    <Filter Include="Header Files\RendererFrontend">
      <UniqueIdentifier>{8540cc29-7da9-425d-94e9-e11042d78657}</UniqueIdentifier>
    </Filter>
    <Filter Include="Source Files\RendererFrontend">
      <UniqueIdentifier>{cd222006-82db-4adf-942d-9f9a2b80128d}</UniqueIdentifier>
    </Filter>
  </ItemGroup>
  <ItemGroup>
    <ClInclude Include="EngineDLLInterface.h">
      <Filter>Header Files</Filter>
    </ClInclude>
    <ClInclude Include="EngineLib.h">
      <Filter>Header Files</Filter>
    </ClInclude>
    <ClInclude Include="IBackendApp.h">
      <Filter>Header Files</Filter>
    </ClInclude>
    <ClInclude Include="Pipeline.h">
      <Filter>Header Files\RendererFrontend</Filter>
    </ClInclude>
    <ClInclude Include="PipelineMeshData.h">
      <Filter>Header Files\RendererFrontend</Filter>
    </ClInclude>
    <ClInclude Include="PipelineTypes.h">
      <Filter>Header Files\RendererFrontend</Filter>
    </ClInclude>
  </ItemGroup>
  <ItemGroup>
    <ClCompile Include="Pipeline.cpp">
      <Filter>Source Files</Filter>
    </ClCompile>
    <ClCompile Include="IBackendApp.cpp">
      <Filter>Source Files</Filter>
    </ClCompile>
    <ClCompile Include="EngineDLLInterface.cpp">
      <Filter>Source Files</Filter>
    </ClCompile>
    <ClCompile Include="PipelineMeshData.cpp">
      <Filter>Source Files\RendererFrontend</Filter>
    </ClCompile>
    <ClCompile Include="PipelineTypes.cpp">
      <Filter>Source Files\RendererFrontend</Filter>
    </ClCompile>
  </ItemGroup>
</Project>